
Microsoft Visual Studio Solution File, Format Version 12.00
# Visual Studio 15
VisualStudioVersion = 15.0.27004.2005
MinimumVisualStudioVersion = 10.0.40219.1
Project("{FAE04EC0-301F-11D3-BF4B-00C04F79EFBC}") = "StarFisher.Console", "StarFisher.Console\StarFisher.Console.csproj", "{A295EBC3-C7C4-4EB4-A094-EB625F0F4717}"
EndProject
Project("{FAE04EC0-301F-11D3-BF4B-00C04F79EFBC}") = "StarFisher.Domain", "StarFisher.Domain\StarFisher.Domain.csproj", "{ED89AC9C-73A8-450A-9520-44E0E7D74839}"
EndProject
Project("{FAE04EC0-301F-11D3-BF4B-00C04F79EFBC}") = "StarFisher.Office", "StarFisher.Office\StarFisher.Office.csproj", "{452C8085-C2C6-4D07-97D8-5D62129ABB10}"
EndProject
Global
	GlobalSection(SolutionConfigurationPlatforms) = preSolution
		Debug|Any CPU = Debug|Any CPU
		Release|Any CPU = Release|Any CPU
	EndGlobalSection
	GlobalSection(ProjectConfigurationPlatforms) = postSolution
		{A295EBC3-C7C4-4EB4-A094-EB625F0F4717}.Debug|Any CPU.ActiveCfg = Debug|Any CPU
		{A295EBC3-C7C4-4EB4-A094-EB625F0F4717}.Debug|Any CPU.Build.0 = Debug|Any CPU
		{A295EBC3-C7C4-4EB4-A094-EB625F0F4717}.Release|Any CPU.ActiveCfg = Release|Any CPU
		{A295EBC3-C7C4-4EB4-A094-EB625F0F4717}.Release|Any CPU.Build.0 = Release|Any CPU
		{ED89AC9C-73A8-450A-9520-44E0E7D74839}.Debug|Any CPU.ActiveCfg = Debug|Any CPU
		{ED89AC9C-73A8-450A-9520-44E0E7D74839}.Debug|Any CPU.Build.0 = Debug|Any CPU
		{ED89AC9C-73A8-450A-9520-44E0E7D74839}.Release|Any CPU.ActiveCfg = Release|Any CPU
		{ED89AC9C-73A8-450A-9520-44E0E7D74839}.Release|Any CPU.Build.0 = Release|Any CPU
		{452C8085-C2C6-4D07-97D8-5D62129ABB10}.Debug|Any CPU.ActiveCfg = Debug|Any CPU
		{452C8085-C2C6-4D07-97D8-5D62129ABB10}.Debug|Any CPU.Build.0 = Debug|Any CPU
		{452C8085-C2C6-4D07-97D8-5D62129ABB10}.Release|Any CPU.ActiveCfg = Release|Any CPU
		{452C8085-C2C6-4D07-97D8-5D62129ABB10}.Release|Any CPU.Build.0 = Release|Any CPU
	EndGlobalSection
	GlobalSection(SolutionProperties) = preSolution
		HideSolutionNode = FALSE
	EndGlobalSection
	GlobalSection(ExtensibilityGlobals) = postSolution
		SolutionGuid = {F519D26E-EC0C-41A8-BDAE-029FB9B51FB4}
	EndGlobalSection
EndGlobal
